// !$*UTF8*$!
{
	archiveVersion = 1;
	classes = {
	};
	objectVersion = 46;
	objects = {

/* Begin PBXBuildFile section */
		242E2FF0192530E80024302B /* Mapping.m in Sources */ = {isa = PBXBuildFile; fileRef = 242E2FEF192530E80024302B /* Mapping.m */; };
		242E2FF2192530FB0024302B /* QuartzCore.framework in Frameworks */ = {isa = PBXBuildFile; fileRef = 242E2FF1192530FB0024302B /* QuartzCore.framework */; };
		2437F3D019446FAA0099055A /* Level1.png in Resources */ = {isa = PBXBuildFile; fileRef = 2437F3CF19446FAA0099055A /* Level1.png */; };
		2437F3D21944706A0099055A /* Level2.png in Resources */ = {isa = PBXBuildFile; fileRef = 2437F3D11944706A0099055A /* Level2.png */; };
		2437F3D41944A79B0099055A /* pragma.swift in Sources */ = {isa = PBXBuildFile; fileRef = 2437F3D31944A79B0099055A /* pragma.swift */; };
		2441B91018FD174200867CA3 /* BakImage.png in Resources */ = {isa = PBXBuildFile; fileRef = 2441B90F18FD174200867CA3 /* BakImage.png */; };
		24463F9A19110BDC007EB77C /* player.png in Resources */ = {isa = PBXBuildFile; fileRef = 24463F9919110BDC007EB77C /* player.png */; };
		24463FB219111754007EB77C /* touchCircle.png in Resources */ = {isa = PBXBuildFile; fileRef = 24463FB119111754007EB77C /* touchCircle.png */; };
		244BAB4318FA9BC0005AE1C9 /* Foundation.framework in Frameworks */ = {isa = PBXBuildFile; fileRef = 244BAB4218FA9BC0005AE1C9 /* Foundation.framework */; };
		244BAB4518FA9BC0005AE1C9 /* CoreGraphics.framework in Frameworks */ = {isa = PBXBuildFile; fileRef = 244BAB4418FA9BC0005AE1C9 /* CoreGraphics.framework */; };
		244BAB4718FA9BC0005AE1C9 /* UIKit.framework in Frameworks */ = {isa = PBXBuildFile; fileRef = 244BAB4618FA9BC0005AE1C9 /* UIKit.framework */; };
		244BAB4918FA9BC0005AE1C9 /* SpriteKit.framework in Frameworks */ = {isa = PBXBuildFile; fileRef = 244BAB4818FA9BC0005AE1C9 /* SpriteKit.framework */; };
		244BAB4F18FA9BC0005AE1C9 /* InfoPlist.strings in Resources */ = {isa = PBXBuildFile; fileRef = 244BAB4D18FA9BC0005AE1C9 /* InfoPlist.strings */; };
		244BAB5118FA9BC0005AE1C9 /* main.m in Sources */ = {isa = PBXBuildFile; fileRef = 244BAB5018FA9BC0005AE1C9 /* main.m */; };
		244BAB5518FA9BC0005AE1C9 /* DDangDDaMukgiAppDelegate.m in Sources */ = {isa = PBXBuildFile; fileRef = 244BAB5418FA9BC0005AE1C9 /* DDangDDaMukgiAppDelegate.m */; };
		244BAB5818FA9BC0005AE1C9 /* Main.storyboard in Resources */ = {isa = PBXBuildFile; fileRef = 244BAB5618FA9BC0005AE1C9 /* Main.storyboard */; };
		244BAB5B18FA9BC0005AE1C9 /* DDangDDaMukgiViewController.m in Sources */ = {isa = PBXBuildFile; fileRef = 244BAB5A18FA9BC0005AE1C9 /* DDangDDaMukgiViewController.m */; };
		244BAB6218FA9BC0005AE1C9 /* Images.xcassets in Resources */ = {isa = PBXBuildFile; fileRef = 244BAB6118FA9BC0005AE1C9 /* Images.xcassets */; };
		244BAB6918FA9BC0005AE1C9 /* XCTest.framework in Frameworks */ = {isa = PBXBuildFile; fileRef = 244BAB6818FA9BC0005AE1C9 /* XCTest.framework */; };
		244BAB6A18FA9BC0005AE1C9 /* Foundation.framework in Frameworks */ = {isa = PBXBuildFile; fileRef = 244BAB4218FA9BC0005AE1C9 /* Foundation.framework */; };
		244BAB6B18FA9BC0005AE1C9 /* UIKit.framework in Frameworks */ = {isa = PBXBuildFile; fileRef = 244BAB4618FA9BC0005AE1C9 /* UIKit.framework */; };
		244BAB7318FA9BC0005AE1C9 /* InfoPlist.strings in Resources */ = {isa = PBXBuildFile; fileRef = 244BAB7118FA9BC0005AE1C9 /* InfoPlist.strings */; };
		244BAB7518FA9BC0005AE1C9 /* DDangDDaMukgiTests.m in Sources */ = {isa = PBXBuildFile; fileRef = 244BAB7418FA9BC0005AE1C9 /* DDangDDaMukgiTests.m */; };
		24506C721909380A00584FD7 /* PlayScene.m in Sources */ = {isa = PBXBuildFile; fileRef = 24506C711909380A00584FD7 /* PlayScene.m */; };
		247F630A19377CF400FA9181 /* Map.m in Sources */ = {isa = PBXBuildFile; fileRef = 247F630919377CF400FA9181 /* Map.m */; };
		24A0ADCF190BE23D0018CC65 /* Player.m in Sources */ = {isa = PBXBuildFile; fileRef = 24A0ADCE190BE23D0018CC65 /* Player.m */; };
		24A1135E193B1E6500E9595C /* Level1.plist in Resources */ = {isa = PBXBuildFile; fileRef = 24A1135D193B1E6500E9595C /* Level1.plist */; };
		24B42FDC194781D600376852 /* LevelScene.m in Sources */ = {isa = PBXBuildFile; fileRef = 24B42FDB194781D600376852 /* LevelScene.m */; };
		24E0D31C18FBFF1700C26B9B /* MainMenuScene.m in Sources */ = {isa = PBXBuildFile; fileRef = 24E0D31B18FBFF1700C26B9B /* MainMenuScene.m */; };
		24E0D32118FC0B3300C26B9B /* touchPTK.sks in Resources */ = {isa = PBXBuildFile; fileRef = 24E0D31F18FC0B3300C26B9B /* touchPTK.sks */; };
		24E0D32218FC0B3300C26B9B /* touchCircle_.png in Resources */ = {isa = PBXBuildFile; fileRef = 24E0D32018FC0B3300C26B9B /* touchCircle_.png */; };
/* End PBXBuildFile section */

/* Begin PBXContainerItemProxy section */
		244BAB6C18FA9BC0005AE1C9 /* PBXContainerItemProxy */ = {
			isa = PBXContainerItemProxy;
			containerPortal = 244BAB3718FA9BC0005AE1C9 /* Project object */;
			proxyType = 1;
			remoteGlobalIDString = 244BAB3E18FA9BC0005AE1C9;
			remoteInfo = DDangDDaMukgi;
		};
/* End PBXContainerItemProxy section */

/* Begin PBXFileReference section */
		242E2FEE192530E80024302B /* Mapping.h */ = {isa = PBXFileReference; fileEncoding = 4; lastKnownFileType = sourcecode.c.h; path = Mapping.h; sourceTree = "<group>"; };
		242E2FEF192530E80024302B /* Mapping.m */ = {isa = PBXFileReference; fileEncoding = 4; lastKnownFileType = sourcecode.c.objc; path = Mapping.m; sourceTree = "<group>"; };
		242E2FF1192530FB0024302B /* QuartzCore.framework */ = {isa = PBXFileReference; lastKnownFileType = wrapper.framework; name = QuartzCore.framework; path = System/Library/Frameworks/QuartzCore.framework; sourceTree = SDKROOT; };
		2437F3CF19446FAA0099055A /* Level1.png */ = {isa = PBXFileReference; lastKnownFileType = image.png; path = Level1.png; sourceTree = "<group>"; };
		2437F3D11944706A0099055A /* Level2.png */ = {isa = PBXFileReference; lastKnownFileType = image.png; path = Level2.png; sourceTree = "<group>"; };
		2437F3D31944A79B0099055A /* pragma.swift */ = {isa = PBXFileReference; fileEncoding = 4; lastKnownFileType = sourcecode.swift; path = pragma.swift; sourceTree = "<group>"; };
		2441B90F18FD174200867CA3 /* BakImage.png */ = {isa = PBXFileReference; lastKnownFileType = image.png; path = BakImage.png; sourceTree = "<group>"; };
		24463F98191104D4007EB77C /* config.h */ = {isa = PBXFileReference; lastKnownFileType = sourcecode.c.h; path = config.h; sourceTree = "<group>"; };
		24463F9919110BDC007EB77C /* player.png */ = {isa = PBXFileReference; lastKnownFileType = image.png; path = player.png; sourceTree = "<group>"; };
		24463FB119111754007EB77C /* touchCircle.png */ = {isa = PBXFileReference; lastKnownFileType = image.png; path = touchCircle.png; sourceTree = "<group>"; };
		244BAB3F18FA9BC0005AE1C9 /* DDangDDaMukgi.app */ = {isa = PBXFileReference; explicitFileType = wrapper.application; includeInIndex = 0; path = DDangDDaMukgi.app; sourceTree = BUILT_PRODUCTS_DIR; };
		244BAB4218FA9BC0005AE1C9 /* Foundation.framework */ = {isa = PBXFileReference; lastKnownFileType = wrapper.framework; name = Foundation.framework; path = System/Library/Frameworks/Foundation.framework; sourceTree = SDKROOT; };
		244BAB4418FA9BC0005AE1C9 /* CoreGraphics.framework */ = {isa = PBXFileReference; lastKnownFileType = wrapper.framework; name = CoreGraphics.framework; path = System/Library/Frameworks/CoreGraphics.framework; sourceTree = SDKROOT; };
		244BAB4618FA9BC0005AE1C9 /* UIKit.framework */ = {isa = PBXFileReference; lastKnownFileType = wrapper.framework; name = UIKit.framework; path = System/Library/Frameworks/UIKit.framework; sourceTree = SDKROOT; };
		244BAB4818FA9BC0005AE1C9 /* SpriteKit.framework */ = {isa = PBXFileReference; lastKnownFileType = wrapper.framework; name = SpriteKit.framework; path = System/Library/Frameworks/SpriteKit.framework; sourceTree = SDKROOT; };
		244BAB4C18FA9BC0005AE1C9 /* DDangDDaMukgi-Info.plist */ = {isa = PBXFileReference; lastKnownFileType = text.plist.xml; path = "DDangDDaMukgi-Info.plist"; sourceTree = "<group>"; };
		244BAB4E18FA9BC0005AE1C9 /* en */ = {isa = PBXFileReference; lastKnownFileType = text.plist.strings; name = en; path = en.lproj/InfoPlist.strings; sourceTree = "<group>"; };
		244BAB5018FA9BC0005AE1C9 /* main.m */ = {isa = PBXFileReference; lastKnownFileType = sourcecode.c.objc; path = main.m; sourceTree = "<group>"; };
		244BAB5218FA9BC0005AE1C9 /* DDangDDaMukgi-Prefix.pch */ = {isa = PBXFileReference; lastKnownFileType = sourcecode.c.h; path = "DDangDDaMukgi-Prefix.pch"; sourceTree = "<group>"; };
		244BAB5318FA9BC0005AE1C9 /* DDangDDaMukgiAppDelegate.h */ = {isa = PBXFileReference; lastKnownFileType = sourcecode.c.h; path = DDangDDaMukgiAppDelegate.h; sourceTree = "<group>"; };
		244BAB5418FA9BC0005AE1C9 /* DDangDDaMukgiAppDelegate.m */ = {isa = PBXFileReference; lastKnownFileType = sourcecode.c.objc; path = DDangDDaMukgiAppDelegate.m; sourceTree = "<group>"; };
		244BAB5718FA9BC0005AE1C9 /* Base */ = {isa = PBXFileReference; lastKnownFileType = file.storyboard; name = Base; path = Base.lproj/Main.storyboard; sourceTree = "<group>"; };
		244BAB5918FA9BC0005AE1C9 /* DDangDDaMukgiViewController.h */ = {isa = PBXFileReference; lastKnownFileType = sourcecode.c.h; path = DDangDDaMukgiViewController.h; sourceTree = "<group>"; };
		244BAB5A18FA9BC0005AE1C9 /* DDangDDaMukgiViewController.m */ = {isa = PBXFileReference; lastKnownFileType = sourcecode.c.objc; path = DDangDDaMukgiViewController.m; sourceTree = "<group>"; };
		244BAB6118FA9BC0005AE1C9 /* Images.xcassets */ = {isa = PBXFileReference; lastKnownFileType = folder.assetcatalog; path = Images.xcassets; sourceTree = "<group>"; };
		244BAB6718FA9BC0005AE1C9 /* DDangDDaMukgiTests.xctest */ = {isa = PBXFileReference; explicitFileType = wrapper.cfbundle; includeInIndex = 0; path = DDangDDaMukgiTests.xctest; sourceTree = BUILT_PRODUCTS_DIR; };
		244BAB6818FA9BC0005AE1C9 /* XCTest.framework */ = {isa = PBXFileReference; lastKnownFileType = wrapper.framework; name = XCTest.framework; path = Library/Frameworks/XCTest.framework; sourceTree = DEVELOPER_DIR; };
		244BAB7018FA9BC0005AE1C9 /* DDangDDaMukgiTests-Info.plist */ = {isa = PBXFileReference; lastKnownFileType = text.plist.xml; path = "DDangDDaMukgiTests-Info.plist"; sourceTree = "<group>"; };
		244BAB7218FA9BC0005AE1C9 /* en */ = {isa = PBXFileReference; lastKnownFileType = text.plist.strings; name = en; path = en.lproj/InfoPlist.strings; sourceTree = "<group>"; };
		244BAB7418FA9BC0005AE1C9 /* DDangDDaMukgiTests.m */ = {isa = PBXFileReference; lastKnownFileType = sourcecode.c.objc; path = DDangDDaMukgiTests.m; sourceTree = "<group>"; };
		24506C701909380A00584FD7 /* PlayScene.h */ = {isa = PBXFileReference; fileEncoding = 4; lastKnownFileType = sourcecode.c.h; path = PlayScene.h; sourceTree = "<group>"; };
		24506C711909380A00584FD7 /* PlayScene.m */ = {isa = PBXFileReference; fileEncoding = 4; lastKnownFileType = sourcecode.c.objc; path = PlayScene.m; sourceTree = "<group>"; };
		247F630819377CF400FA9181 /* Map.h */ = {isa = PBXFileReference; fileEncoding = 4; lastKnownFileType = sourcecode.c.h; path = Map.h; sourceTree = "<group>"; };
		247F630919377CF400FA9181 /* Map.m */ = {isa = PBXFileReference; fileEncoding = 4; lastKnownFileType = sourcecode.c.objc; path = Map.m; sourceTree = "<group>"; };
		24A0ADCD190BE23D0018CC65 /* Player.h */ = {isa = PBXFileReference; fileEncoding = 4; lastKnownFileType = sourcecode.c.h; path = Player.h; sourceTree = "<group>"; };
		24A0ADCE190BE23D0018CC65 /* Player.m */ = {isa = PBXFileReference; fileEncoding = 4; lastKnownFileType = sourcecode.c.objc; path = Player.m; sourceTree = "<group>"; };
		24A1135D193B1E6500E9595C /* Level1.plist */ = {isa = PBXFileReference; fileEncoding = 4; lastKnownFileType = text.plist.xml; name = Level1.plist; path = LevelData/Level1.plist; sourceTree = "<group>"; };
		24B42FDA194781D600376852 /* LevelScene.h */ = {isa = PBXFileReference; fileEncoding = 4; lastKnownFileType = sourcecode.c.h; path = LevelScene.h; sourceTree = "<group>"; };
		24B42FDB194781D600376852 /* LevelScene.m */ = {isa = PBXFileReference; fileEncoding = 4; lastKnownFileType = sourcecode.c.objc; path = LevelScene.m; sourceTree = "<group>"; };
		24E0D31A18FBFF1700C26B9B /* MainMenuScene.h */ = {isa = PBXFileReference; fileEncoding = 4; lastKnownFileType = sourcecode.c.h; path = MainMenuScene.h; sourceTree = "<group>"; };
		24E0D31B18FBFF1700C26B9B /* MainMenuScene.m */ = {isa = PBXFileReference; fileEncoding = 4; lastKnownFileType = sourcecode.c.objc; path = MainMenuScene.m; sourceTree = "<group>"; };
		24E0D31F18FC0B3300C26B9B /* touchPTK.sks */ = {isa = PBXFileReference; lastKnownFileType = file.sks; path = touchPTK.sks; sourceTree = "<group>"; };
		24E0D32018FC0B3300C26B9B /* touchCircle_.png */ = {isa = PBXFileReference; lastKnownFileType = image.png; path = touchCircle_.png; sourceTree = "<group>"; };
/* End PBXFileReference section */

/* Begin PBXFrameworksBuildPhase section */
		244BAB3C18FA9BC0005AE1C9 /* Frameworks */ = {
			isa = PBXFrameworksBuildPhase;
			buildActionMask = 2147483647;
			files = (
				242E2FF2192530FB0024302B /* QuartzCore.framework in Frameworks */,
				244BAB4518FA9BC0005AE1C9 /* CoreGraphics.framework in Frameworks */,
				244BAB4718FA9BC0005AE1C9 /* UIKit.framework in Frameworks */,
				244BAB4918FA9BC0005AE1C9 /* SpriteKit.framework in Frameworks */,
				244BAB4318FA9BC0005AE1C9 /* Foundation.framework in Frameworks */,
			);
			runOnlyForDeploymentPostprocessing = 0;
		};
		244BAB6418FA9BC0005AE1C9 /* Frameworks */ = {
			isa = PBXFrameworksBuildPhase;
			buildActionMask = 2147483647;
			files = (
				244BAB6918FA9BC0005AE1C9 /* XCTest.framework in Frameworks */,
				244BAB6B18FA9BC0005AE1C9 /* UIKit.framework in Frameworks */,
				244BAB6A18FA9BC0005AE1C9 /* Foundation.framework in Frameworks */,
			);
			runOnlyForDeploymentPostprocessing = 0;
		};
/* End PBXFrameworksBuildPhase section */

/* Begin PBXGroup section */
		244BAB3618FA9BC0005AE1C9 = {
			isa = PBXGroup;
			children = (
				2437F3D31944A79B0099055A /* pragma.swift */,
				244BAB4A18FA9BC0005AE1C9 /* DDangDDaMukgi */,
				244BAB6E18FA9BC0005AE1C9 /* DDangDDaMukgiTests */,
				244BAB4118FA9BC0005AE1C9 /* Frameworks */,
				244BAB4018FA9BC0005AE1C9 /* Products */,
			);
			sourceTree = "<group>";
		};
		244BAB4018FA9BC0005AE1C9 /* Products */ = {
			isa = PBXGroup;
			children = (
				244BAB3F18FA9BC0005AE1C9 /* DDangDDaMukgi.app */,
				244BAB6718FA9BC0005AE1C9 /* DDangDDaMukgiTests.xctest */,
			);
			name = Products;
			sourceTree = "<group>";
		};
		244BAB4118FA9BC0005AE1C9 /* Frameworks */ = {
			isa = PBXGroup;
			children = (
				242E2FF1192530FB0024302B /* QuartzCore.framework */,
				244BAB4218FA9BC0005AE1C9 /* Foundation.framework */,
				244BAB4418FA9BC0005AE1C9 /* CoreGraphics.framework */,
				244BAB4618FA9BC0005AE1C9 /* UIKit.framework */,
				244BAB4818FA9BC0005AE1C9 /* SpriteKit.framework */,
				244BAB6818FA9BC0005AE1C9 /* XCTest.framework */,
			);
			name = Frameworks;
			sourceTree = "<group>";
		};
		244BAB4A18FA9BC0005AE1C9 /* DDangDDaMukgi */ = {
			isa = PBXGroup;
			children = (
				24A1135F193B262A00E9595C /* Level */,
				24D9628F191BD19600C2D538 /* Map */,
				24EDA88E191953E4004EFE8F /* Unit */,
				24463F98191104D4007EB77C /* config.h */,
				24E0D31E18FC0AF900C26B9B /* ImageRES */,
				24E0D31D18FC0AD100C26B9B /* Scene */,
				244BAB5318FA9BC0005AE1C9 /* DDangDDaMukgiAppDelegate.h */,
				244BAB5418FA9BC0005AE1C9 /* DDangDDaMukgiAppDelegate.m */,
				244BAB5918FA9BC0005AE1C9 /* DDangDDaMukgiViewController.h */,
				244BAB5A18FA9BC0005AE1C9 /* DDangDDaMukgiViewController.m */,
				244BAB4B18FA9BC0005AE1C9 /* Supporting Files */,
			);
			path = DDangDDaMukgi;
			sourceTree = "<group>";
		};
		244BAB4B18FA9BC0005AE1C9 /* Supporting Files */ = {
			isa = PBXGroup;
			children = (
				244BAB6118FA9BC0005AE1C9 /* Images.xcassets */,
				244BAB5618FA9BC0005AE1C9 /* Main.storyboard */,
				244BAB4C18FA9BC0005AE1C9 /* DDangDDaMukgi-Info.plist */,
				244BAB4D18FA9BC0005AE1C9 /* InfoPlist.strings */,
				244BAB5018FA9BC0005AE1C9 /* main.m */,
				244BAB5218FA9BC0005AE1C9 /* DDangDDaMukgi-Prefix.pch */,
			);
			name = "Supporting Files";
			sourceTree = "<group>";
		};
		244BAB6E18FA9BC0005AE1C9 /* DDangDDaMukgiTests */ = {
			isa = PBXGroup;
			children = (
				244BAB7418FA9BC0005AE1C9 /* DDangDDaMukgiTests.m */,
				244BAB6F18FA9BC0005AE1C9 /* Supporting Files */,
			);
			path = DDangDDaMukgiTests;
			sourceTree = "<group>";
		};
		244BAB6F18FA9BC0005AE1C9 /* Supporting Files */ = {
			isa = PBXGroup;
			children = (
				244BAB7018FA9BC0005AE1C9 /* DDangDDaMukgiTests-Info.plist */,
				244BAB7118FA9BC0005AE1C9 /* InfoPlist.strings */,
			);
			name = "Supporting Files";
			sourceTree = "<group>";
		};
		24A1135F193B262A00E9595C /* Level */ = {
			isa = PBXGroup;
			children = (
				2437F3CF19446FAA0099055A /* Level1.png */,
				2437F3D11944706A0099055A /* Level2.png */,
				24A1135D193B1E6500E9595C /* Level1.plist */,
			);
			name = Level;
			sourceTree = "<group>";
		};
		24D9628F191BD19600C2D538 /* Map */ = {
			isa = PBXGroup;
			children = (
				242E2FEE192530E80024302B /* Mapping.h */,
				242E2FEF192530E80024302B /* Mapping.m */,
				247F630819377CF400FA9181 /* Map.h */,
				247F630919377CF400FA9181 /* Map.m */,
			);
			name = Map;
			sourceTree = "<group>";
		};
		24E0D31D18FC0AD100C26B9B /* Scene */ = {
			isa = PBXGroup;
			children = (
				24B42FDA194781D600376852 /* LevelScene.h */,
				24B42FDB194781D600376852 /* LevelScene.m */,
				24E0D31A18FBFF1700C26B9B /* MainMenuScene.h */,
				24E0D31B18FBFF1700C26B9B /* MainMenuScene.m */,
				24506C701909380A00584FD7 /* PlayScene.h */,
				24506C711909380A00584FD7 /* PlayScene.m */,
			);
			name = Scene;
			sourceTree = "<group>";
		};
		24E0D31E18FC0AF900C26B9B /* ImageRES */ = {
			isa = PBXGroup;
			children = (
				24463F9919110BDC007EB77C /* player.png */,
				2441B90F18FD174200867CA3 /* BakImage.png */,
				24E0D32018FC0B3300C26B9B /* touchCircle_.png */,
				24463FB119111754007EB77C /* touchCircle.png */,
				24E0D31F18FC0B3300C26B9B /* touchPTK.sks */,
			);
			name = ImageRES;
			sourceTree = "<group>";
		};
		24EDA88E191953E4004EFE8F /* Unit */ = {
			isa = PBXGroup;
			children = (
				24A0ADCD190BE23D0018CC65 /* Player.h */,
				24A0ADCE190BE23D0018CC65 /* Player.m */,
			);
			name = Unit;
			sourceTree = "<group>";
		};
/* End PBXGroup section */

/* Begin PBXNativeTarget section */
		244BAB3E18FA9BC0005AE1C9 /* DDangDDaMukgi */ = {
			isa = PBXNativeTarget;
			buildConfigurationList = 244BAB7818FA9BC0005AE1C9 /* Build configuration list for PBXNativeTarget "DDangDDaMukgi" */;
			buildPhases = (
				244BAB3B18FA9BC0005AE1C9 /* Sources */,
				244BAB3C18FA9BC0005AE1C9 /* Frameworks */,
				244BAB3D18FA9BC0005AE1C9 /* Resources */,
			);
			buildRules = (
			);
			dependencies = (
			);
			name = DDangDDaMukgi;
			productName = DDangDDaMukgi;
			productReference = 244BAB3F18FA9BC0005AE1C9 /* DDangDDaMukgi.app */;
			productType = "com.apple.product-type.application";
		};
		244BAB6618FA9BC0005AE1C9 /* DDangDDaMukgiTests */ = {
			isa = PBXNativeTarget;
			buildConfigurationList = 244BAB7B18FA9BC0005AE1C9 /* Build configuration list for PBXNativeTarget "DDangDDaMukgiTests" */;
			buildPhases = (
				244BAB6318FA9BC0005AE1C9 /* Sources */,
				244BAB6418FA9BC0005AE1C9 /* Frameworks */,
				244BAB6518FA9BC0005AE1C9 /* Resources */,
			);
			buildRules = (
			);
			dependencies = (
				244BAB6D18FA9BC0005AE1C9 /* PBXTargetDependency */,
			);
			name = DDangDDaMukgiTests;
			productName = DDangDDaMukgiTests;
			productReference = 244BAB6718FA9BC0005AE1C9 /* DDangDDaMukgiTests.xctest */;
			productType = "com.apple.product-type.bundle.unit-test";
		};
/* End PBXNativeTarget section */

/* Begin PBXProject section */
		244BAB3718FA9BC0005AE1C9 /* Project object */ = {
			isa = PBXProject;
			attributes = {
				CLASSPREFIX = DDangDDaMukgi;
				LastUpgradeCheck = 0510;
				ORGANIZATIONNAME = northPenguin;
				TargetAttributes = {
					244BAB3E18FA9BC0005AE1C9 = {
						DevelopmentTeam = FS9C8D2C2M;
					};
					244BAB6618FA9BC0005AE1C9 = {
						TestTargetID = 244BAB3E18FA9BC0005AE1C9;
					};
				};
			};
			buildConfigurationList = 244BAB3A18FA9BC0005AE1C9 /* Build configuration list for PBXProject "DDangDDaMukgi" */;
			compatibilityVersion = "Xcode 3.2";
			developmentRegion = English;
			hasScannedForEncodings = 0;
			knownRegions = (
				en,
				Base,
			);
			mainGroup = 244BAB3618FA9BC0005AE1C9;
			productRefGroup = 244BAB4018FA9BC0005AE1C9 /* Products */;
			projectDirPath = "";
			projectRoot = "";
			targets = (
				244BAB3E18FA9BC0005AE1C9 /* DDangDDaMukgi */,
				244BAB6618FA9BC0005AE1C9 /* DDangDDaMukgiTests */,
			);
		};
/* End PBXProject section */

/* Begin PBXResourcesBuildPhase section */
		244BAB3D18FA9BC0005AE1C9 /* Resources */ = {
			isa = PBXResourcesBuildPhase;
			buildActionMask = 2147483647;
			files = (
				24463F9A19110BDC007EB77C /* player.png in Resources */,
				24E0D32218FC0B3300C26B9B /* touchCircle_.png in Resources */,
				244BAB4F18FA9BC0005AE1C9 /* InfoPlist.strings in Resources */,
				24E0D32118FC0B3300C26B9B /* touchPTK.sks in Resources */,
				2437F3D019446FAA0099055A /* Level1.png in Resources */,
				244BAB6218FA9BC0005AE1C9 /* Images.xcassets in Resources */,
				244BAB5818FA9BC0005AE1C9 /* Main.storyboard in Resources */,
				2437F3D21944706A0099055A /* Level2.png in Resources */,
				2441B91018FD174200867CA3 /* BakImage.png in Resources */,
				24463FB219111754007EB77C /* touchCircle.png in Resources */,
				24A1135E193B1E6500E9595C /* Level1.plist in Resources */,
			);
			runOnlyForDeploymentPostprocessing = 0;
		};
		244BAB6518FA9BC0005AE1C9 /* Resources */ = {
			isa = PBXResourcesBuildPhase;
			buildActionMask = 2147483647;
			files = (
				244BAB7318FA9BC0005AE1C9 /* InfoPlist.strings in Resources */,
			);
			runOnlyForDeploymentPostprocessing = 0;
		};
/* End PBXResourcesBuildPhase section */

/* Begin PBXSourcesBuildPhase section */
		244BAB3B18FA9BC0005AE1C9 /* Sources */ = {
			isa = PBXSourcesBuildPhase;
			buildActionMask = 2147483647;
			files = (
				244BAB5B18FA9BC0005AE1C9 /* DDangDDaMukgiViewController.m in Sources */,
				24B42FDC194781D600376852 /* LevelScene.m in Sources */,
				24E0D31C18FBFF1700C26B9B /* MainMenuScene.m in Sources */,
				244BAB5118FA9BC0005AE1C9 /* main.m in Sources */,
				242E2FF0192530E80024302B /* Mapping.m in Sources */,
				244BAB5518FA9BC0005AE1C9 /* DDangDDaMukgiAppDelegate.m in Sources */,
				2437F3D41944A79B0099055A /* pragma.swift in Sources */,
				24A0ADCF190BE23D0018CC65 /* Player.m in Sources */,
				247F630A19377CF400FA9181 /* Map.m in Sources */,
				24506C721909380A00584FD7 /* PlayScene.m in Sources */,
			);
			runOnlyForDeploymentPostprocessing = 0;
		};
		244BAB6318FA9BC0005AE1C9 /* Sources */ = {
			isa = PBXSourcesBuildPhase;
			buildActionMask = 2147483647;
			files = (
				244BAB7518FA9BC0005AE1C9 /* DDangDDaMukgiTests.m in Sources */,
			);
			runOnlyForDeploymentPostprocessing = 0;
		};
/* End PBXSourcesBuildPhase section */

/* Begin PBXTargetDependency section */
		244BAB6D18FA9BC0005AE1C9 /* PBXTargetDependency */ = {
			isa = PBXTargetDependency;
			target = 244BAB3E18FA9BC0005AE1C9 /* DDangDDaMukgi */;
			targetProxy = 244BAB6C18FA9BC0005AE1C9 /* PBXContainerItemProxy */;
		};
/* End PBXTargetDependency section */

/* Begin PBXVariantGroup section */
		244BAB4D18FA9BC0005AE1C9 /* InfoPlist.strings */ = {
			isa = PBXVariantGroup;
			children = (
				244BAB4E18FA9BC0005AE1C9 /* en */,
			);
			name = InfoPlist.strings;
			sourceTree = "<group>";
		};
		244BAB5618FA9BC0005AE1C9 /* Main.storyboard */ = {
			isa = PBXVariantGroup;
			children = (
				244BAB5718FA9BC0005AE1C9 /* Base */,
			);
			name = Main.storyboard;
			sourceTree = "<group>";
		};
		244BAB7118FA9BC0005AE1C9 /* InfoPlist.strings */ = {
			isa = PBXVariantGroup;
			children = (
				244BAB7218FA9BC0005AE1C9 /* en */,
			);
			name = InfoPlist.strings;
			sourceTree = "<group>";
		};
/* End PBXVariantGroup section */

/* Begin XCBuildConfiguration section */
		244BAB7618FA9BC0005AE1C9 /* Debug */ = {
			isa = XCBuildConfiguration;
			buildSettings = {
				ALWAYS_SEARCH_USER_PATHS = NO;
				CLANG_CXX_LANGUAGE_STANDARD = "gnu++0x";
				CLANG_CXX_LIBRARY = "libc++";
				CLANG_ENABLE_MODULES = YES;
				CLANG_ENABLE_OBJC_ARC = YES;
				CLANG_WARN_BOOL_CONVERSION = YES;
				CLANG_WARN_CONSTANT_CONVERSION = YES;
				CLANG_WARN_DIRECT_OBJC_ISA_USAGE = YES_ERROR;
				CLANG_WARN_EMPTY_BODY = YES;
				CLANG_WARN_ENUM_CONVERSION = YES;
				CLANG_WARN_INT_CONVERSION = YES;
				CLANG_WARN_OBJC_ROOT_CLASS = YES_ERROR;
				CLANG_WARN__DUPLICATE_METHOD_MATCH = YES;
				"CODE_SIGN_IDENTITY[sdk=iphoneos*]" = "iPhone Developer";
				COPY_PHASE_STRIP = NO;
				GCC_C_LANGUAGE_STANDARD = gnu99;
				GCC_DYNAMIC_NO_PIC = NO;
				GCC_OPTIMIZATION_LEVEL = 0;
				GCC_PREPROCESSOR_DEFINITIONS = (
					"DEBUG=1",
					"$(inherited)",
				);
				GCC_SYMBOLS_PRIVATE_EXTERN = NO;
				GCC_WARN_64_TO_32_BIT_CONVERSION = YES;
				GCC_WARN_ABOUT_RETURN_TYPE = YES_ERROR;
				GCC_WARN_UNDECLARED_SELECTOR = YES;
				GCC_WARN_UNINITIALIZED_AUTOS = YES_AGGRESSIVE;
				GCC_WARN_UNUSED_FUNCTION = YES;
				GCC_WARN_UNUSED_VARIABLE = YES;
				IPHONEOS_DEPLOYMENT_TARGET = 7.1;
				ONLY_ACTIVE_ARCH = YES;
				SDKROOT = iphoneos;
				TARGETED_DEVICE_FAMILY = 2;
			};
			name = Debug;
		};
		244BAB7718FA9BC0005AE1C9 /* Release */ = {
			isa = XCBuildConfiguration;
			buildSettings = {
				ALWAYS_SEARCH_USER_PATHS = NO;
				CLANG_CXX_LANGUAGE_STANDARD = "gnu++0x";
				CLANG_CXX_LIBRARY = "libc++";
				CLANG_ENABLE_MODULES = YES;
				CLANG_ENABLE_OBJC_ARC = YES;
				CLANG_WARN_BOOL_CONVERSION = YES;
				CLANG_WARN_CONSTANT_CONVERSION = YES;
				CLANG_WARN_DIRECT_OBJC_ISA_USAGE = YES_ERROR;
				CLANG_WARN_EMPTY_BODY = YES;
				CLANG_WARN_ENUM_CONVERSION = YES;
				CLANG_WARN_INT_CONVERSION = YES;
				CLANG_WARN_OBJC_ROOT_CLASS = YES_ERROR;
				CLANG_WARN__DUPLICATE_METHOD_MATCH = YES;
				"CODE_SIGN_IDENTITY[sdk=iphoneos*]" = "iPhone Developer";
				COPY_PHASE_STRIP = YES;
				ENABLE_NS_ASSERTIONS = NO;
				GCC_C_LANGUAGE_STANDARD = gnu99;
				GCC_WARN_64_TO_32_BIT_CONVERSION = YES;
				GCC_WARN_ABOUT_RETURN_TYPE = YES_ERROR;
				GCC_WARN_UNDECLARED_SELECTOR = YES;
				GCC_WARN_UNINITIALIZED_AUTOS = YES_AGGRESSIVE;
				GCC_WARN_UNUSED_FUNCTION = YES;
				GCC_WARN_UNUSED_VARIABLE = YES;
				IPHONEOS_DEPLOYMENT_TARGET = 7.1;
				SDKROOT = iphoneos;
				TARGETED_DEVICE_FAMILY = 2;
				VALIDATE_PRODUCT = YES;
			};
			name = Release;
		};
		244BAB7918FA9BC0005AE1C9 /* Debug */ = {
			isa = XCBuildConfiguration;
			buildSettings = {
				ASSETCATALOG_COMPILER_APPICON_NAME = AppIcon;
				ASSETCATALOG_COMPILER_LAUNCHIMAGE_NAME = LaunchImage;
				CLANG_ENABLE_MODULES = YES;
				CODE_SIGN_IDENTITY = "iPhone Developer";
				GCC_PRECOMPILE_PREFIX_HEADER = YES;
				GCC_PREFIX_HEADER = "DDangDDaMukgi/DDangDDaMukgi-Prefix.pch";
				INFOPLIST_FILE = "DDangDDaMukgi/DDangDDaMukgi-Info.plist";
				LD_RUNPATH_SEARCH_PATHS = "$(inherited) @executable_path/Frameworks";
				PRODUCT_NAME = "$(TARGET_NAME)";
				SPRITEKIT_TEXTURE_ATLAS_OUTPUT = YES;
				SWIFT_OPTIMIZATION_LEVEL = "-Onone";
				WRAPPER_EXTENSION = app;
			};
			name = Debug;
		};
		244BAB7A18FA9BC0005AE1C9 /* Release */ = {
			isa = XCBuildConfiguration;
			buildSettings = {
				ASSETCATALOG_COMPILER_APPICON_NAME = AppIcon;
				ASSETCATALOG_COMPILER_LAUNCHIMAGE_NAME = LaunchImage;
				CLANG_ENABLE_MODULES = YES;
				CODE_SIGN_IDENTITY = "iPhone Developer";
				GCC_PRECOMPILE_PREFIX_HEADER = YES;
				GCC_PREFIX_HEADER = "DDangDDaMukgi/DDangDDaMukgi-Prefix.pch";
				INFOPLIST_FILE = "DDangDDaMukgi/DDangDDaMukgi-Info.plist";
				LD_RUNPATH_SEARCH_PATHS = "$(inherited) @executable_path/Frameworks";
				PRODUCT_NAME = "$(TARGET_NAME)";
				SPRITEKIT_TEXTURE_ATLAS_OUTPUT = YES;
				WRAPPER_EXTENSION = app;
			};
			name = Release;
		};
		244BAB7C18FA9BC0005AE1C9 /* Debug */ = {
			isa = XCBuildConfiguration;
			buildSettings = {
				BUNDLE_LOADER = "$(BUILT_PRODUCTS_DIR)/DDangDDaMukgi.app/DDangDDaMukgi";
				FRAMEWORK_SEARCH_PATHS = (
					"$(SDKROOT)/Developer/Library/Frameworks",
					"$(inherited)",
					"$(DEVELOPER_FRAMEWORKS_DIR)",
				);
				GCC_PRECOMPILE_PREFIX_HEADER = YES;
				GCC_PREFIX_HEADER = "DDangDDaMukgi/DDangDDaMukgi-Prefix.pch";
				GCC_PREPROCESSOR_DEFINITIONS = (
					"DEBUG=1",
					"$(inherited)",
				);
				INFOPLIST_FILE = "DDangDDaMukgiTests/DDangDDaMukgiTests-Info.plist";
				PRODUCT_NAME = "$(TARGET_NAME)";
				TEST_HOST = "$(BUNDLE_LOADER)";
				WRAPPER_EXTENSION = xctest;
			};
			name = Debug;
		};
		244BAB7D18FA9BC0005AE1C9 /* Release */ = {
			isa = XCBuildConfiguration;
			buildSettings = {
				BUNDLE_LOADER = "$(BUILT_PRODUCTS_DIR)/DDangDDaMukgi.app/DDangDDaMukgi";
				FRAMEWORK_SEARCH_PATHS = (
					"$(SDKROOT)/Developer/Library/Frameworks",
					"$(inherited)",
					"$(DEVELOPER_FRAMEWORKS_DIR)",
				);
				GCC_PRECOMPILE_PREFIX_HEADER = YES;
				GCC_PREFIX_HEADER = "DDangDDaMukgi/DDangDDaMukgi-Prefix.pch";
				INFOPLIST_FILE = "DDangDDaMukgiTests/DDangDDaMukgiTests-Info.plist";
				PRODUCT_NAME = "$(TARGET_NAME)";
				TEST_HOST = "$(BUNDLE_LOADER)";
				WRAPPER_EXTENSION = xctest;
			};
			name = Release;
		};
/* End XCBuildConfiguration section */

/* Begin XCConfigurationList section */
		244BAB3A18FA9BC0005AE1C9 /* Build configuration list for PBXProject "DDangDDaMukgi" */ = {
			isa = XCConfigurationList;
			buildConfigurations = (
				244BAB7618FA9BC0005AE1C9 /* Debug */,
				244BAB7718FA9BC0005AE1C9 /* Release */,
			);
			defaultConfigurationIsVisible = 0;
			defaultConfigurationName = Release;
		};
		244BAB7818FA9BC0005AE1C9 /* Build configuration list for PBXNativeTarget "DDangDDaMukgi" */ = {
			isa = XCConfigurationList;
			buildConfigurations = (
				244BAB7918FA9BC0005AE1C9 /* Debug */,
				244BAB7A18FA9BC0005AE1C9 /* Release */,
			);
			defaultConfigurationIsVisible = 0;
			defaultConfigurationName = Release;
		};
		244BAB7B18FA9BC0005AE1C9 /* Build configuration list for PBXNativeTarget "DDangDDaMukgiTests" */ = {
			isa = XCConfigurationList;
			buildConfigurations = (
				244BAB7C18FA9BC0005AE1C9 /* Debug */,
				244BAB7D18FA9BC0005AE1C9 /* Release */,
			);
			defaultConfigurationIsVisible = 0;
			defaultConfigurationName = Release;
		};
/* End XCConfigurationList section */
	};
	rootObject = 244BAB3718FA9BC0005AE1C9 /* Project object */;
}
